
Microsoft Visual Studio Solution File, Format Version 12.00
# Visual Studio Version 17
VisualStudioVersion = 17.1.32319.34
MinimumVisualStudioVersion = 10.0.40219.1
Project("{9A19103F-16F7-4668-BE54-9A1E7A4F7556}") = "LIbreriaDelJuego", "LIbreriaDelJuego\LIbreriaDelJuego.csproj", "{5735F568-0CE4-484B-94DA-68EE8A92008F}"
EndProject
Project("{9A19103F-16F7-4668-BE54-9A1E7A4F7556}") = "FrmSalonPrincipal", "FrmSalonPrincipal\FrmSalonPrincipal.csproj", "{1AC51ED8-E0F5-4F56-9C59-D99CAF5A0F56}"
EndProject
Project("{9A19103F-16F7-4668-BE54-9A1E7A4F7556}") = "FrmSalaDeJuego", "FrmSalaDeJuego\FrmSalaDeJuego.csproj", "{D50FE31A-FF6B-4AED-BB0D-D13D879E828B}"
EndProject
Project("{FAE04EC0-301F-11D3-BF4B-00C04F79EFBC}") = "LibreriaDeTesteo", "LibreriaDeTesteo\LibreriaDeTesteo.csproj", "{132990C5-9C3A-4DBD-BC2D-7356A03B4287}"
EndProject
Global
	GlobalSection(SolutionConfigurationPlatforms) = preSolution
		Debug|Any CPU = Debug|Any CPU
		Release|Any CPU = Release|Any CPU
	EndGlobalSection
	GlobalSection(ProjectConfigurationPlatforms) = postSolution
		{5735F568-0CE4-484B-94DA-68EE8A92008F}.Debug|Any CPU.ActiveCfg = Debug|Any CPU
		{5735F568-0CE4-484B-94DA-68EE8A92008F}.Debug|Any CPU.Build.0 = Debug|Any CPU
		{5735F568-0CE4-484B-94DA-68EE8A92008F}.Release|Any CPU.ActiveCfg = Release|Any CPU
		{5735F568-0CE4-484B-94DA-68EE8A92008F}.Release|Any CPU.Build.0 = Release|Any CPU
		{1AC51ED8-E0F5-4F56-9C59-D99CAF5A0F56}.Debug|Any CPU.ActiveCfg = Debug|Any CPU
		{1AC51ED8-E0F5-4F56-9C59-D99CAF5A0F56}.Debug|Any CPU.Build.0 = Debug|Any CPU
		{1AC51ED8-E0F5-4F56-9C59-D99CAF5A0F56}.Release|Any CPU.ActiveCfg = Release|Any CPU
		{1AC51ED8-E0F5-4F56-9C59-D99CAF5A0F56}.Release|Any CPU.Build.0 = Release|Any CPU
		{D50FE31A-FF6B-4AED-BB0D-D13D879E828B}.Debug|Any CPU.ActiveCfg = Debug|Any CPU
		{D50FE31A-FF6B-4AED-BB0D-D13D879E828B}.Debug|Any CPU.Build.0 = Debug|Any CPU
		{D50FE31A-FF6B-4AED-BB0D-D13D879E828B}.Release|Any CPU.ActiveCfg = Release|Any CPU
		{D50FE31A-FF6B-4AED-BB0D-D13D879E828B}.Release|Any CPU.Build.0 = Release|Any CPU
		{132990C5-9C3A-4DBD-BC2D-7356A03B4287}.Debug|Any CPU.ActiveCfg = Debug|Any CPU
		{132990C5-9C3A-4DBD-BC2D-7356A03B4287}.Debug|Any CPU.Build.0 = Debug|Any CPU
		{132990C5-9C3A-4DBD-BC2D-7356A03B4287}.Release|Any CPU.ActiveCfg = Release|Any CPU
		{132990C5-9C3A-4DBD-BC2D-7356A03B4287}.Release|Any CPU.Build.0 = Release|Any CPU
	EndGlobalSection
	GlobalSection(SolutionProperties) = preSolution
		HideSolutionNode = FALSE
	EndGlobalSection
	GlobalSection(ExtensibilityGlobals) = postSolution
		SolutionGuid = {663854D5-5A40-4E17-A4C0-BD4F5562F63A}
	EndGlobalSection
EndGlobal
